
Microsoft Visual Studio Solution File, Format Version 12.00
# Visual Studio Version 17
VisualStudioVersion = 17.5.33530.505
MinimumVisualStudioVersion = 10.0.40219.1
Project("{FAE04EC0-301F-11D3-BF4B-00C04F79EFBC}") = "Homework_12", "Homework_12.csproj", "{880E8CB5-A791-45BE-BFAF-C96AD5B1E94C}"
EndProject
Global
	GlobalSection(SolutionConfigurationPlatforms) = preSolution
		Debug|Any CPU = Debug|Any CPU
		Release|Any CPU = Release|Any CPU
	EndGlobalSection
	GlobalSection(ProjectConfigurationPlatforms) = postSolution
		{880E8CB5-A791-45BE-BFAF-C96AD5B1E94C}.Debug|Any CPU.ActiveCfg = Debug|Any CPU
		{880E8CB5-A791-45BE-BFAF-C96AD5B1E94C}.Debug|Any CPU.Build.0 = Debug|Any CPU
		{880E8CB5-A791-45BE-BFAF-C96AD5B1E94C}.Release|Any CPU.ActiveCfg = Release|Any CPU
		{880E8CB5-A791-45BE-BFAF-C96AD5B1E94C}.Release|Any CPU.Build.0 = Release|Any CPU
	EndGlobalSection
	GlobalSection(SolutionProperties) = preSolution
		HideSolutionNode = FALSE
	EndGlobalSection
	GlobalSection(ExtensibilityGlobals) = postSolution
		SolutionGuid = {259B6E44-460A-463A-B382-CE45456F90FA}
	EndGlobalSection
EndGlobal
